// !$*UTF8*$!
{
	archiveVersion = 1;
	classes = {
	};
	objectVersion = 56;
	objects = {

/* Begin PBXBuildFile section */
		809BBD9D2C7B6BAA00D04738 /* AppDelegate.swift in Sources */ = {isa = PBXBuildFile; fileRef = 809BBD9C2C7B6BAA00D04738 /* AppDelegate.swift */; };
		809BBDA12C7B6BAA00D04738 /* ViewController.swift in Sources */ = {isa = PBXBuildFile; fileRef = 809BBDA02C7B6BAA00D04738 /* ViewController.swift */; };
		809BBDA62C7B6BAC00D04738 /* Assets.xcassets in Resources */ = {isa = PBXBuildFile; fileRef = 809BBDA52C7B6BAC00D04738 /* Assets.xcassets */; };
		809BBDA92C7B6BAC00D04738 /* Base in Resources */ = {isa = PBXBuildFile; fileRef = 809BBDA82C7B6BAC00D04738 /* Base */; };
		8B8237EE5090A9F45293A702 /* Pods_FTDriver.framework in Frameworks */ = {isa = PBXBuildFile; fileRef = C8F3012FBCF836648636030B /* Pods_FTDriver.framework */; };
/* End PBXBuildFile section */

/* Begin PBXFileReference section */
		3FB3251019693946CEF705D9 /* Pods-FTDriver.debug.xcconfig */ = {isa = PBXFileReference; includeInIndex = 1; lastKnownFileType = text.xcconfig; name = "Pods-FTDriver.debug.xcconfig"; path = "Target Support Files/Pods-FTDriver/Pods-FTDriver.debug.xcconfig"; sourceTree = "<group>"; };
		809BBD992C7B6BAA00D04738 /* FTDriver.app */ = {isa = PBXFileReference; explicitFileType = wrapper.application; includeInIndex = 0; path = FTDriver.app; sourceTree = BUILT_PRODUCTS_DIR; };
		809BBD9C2C7B6BAA00D04738 /* AppDelegate.swift */ = {isa = PBXFileReference; lastKnownFileType = sourcecode.swift; path = AppDelegate.swift; sourceTree = "<group>"; };
		809BBDA02C7B6BAA00D04738 /* ViewController.swift */ = {isa = PBXFileReference; lastKnownFileType = sourcecode.swift; path = ViewController.swift; sourceTree = "<group>"; };
		809BBDA52C7B6BAC00D04738 /* Assets.xcassets */ = {isa = PBXFileReference; lastKnownFileType = folder.assetcatalog; path = Assets.xcassets; sourceTree = "<group>"; };
		809BBDA82C7B6BAC00D04738 /* Base */ = {isa = PBXFileReference; lastKnownFileType = file.storyboard; name = Base; path = Base.lproj/LaunchScreen.storyboard; sourceTree = "<group>"; };
		809BBDAA2C7B6BAC00D04738 /* Info.plist */ = {isa = PBXFileReference; lastKnownFileType = text.plist.xml; path = Info.plist; sourceTree = "<group>"; };
		8B8FC7E2A4DE80222CC17BDC /* Pods-FTDriver.release.xcconfig */ = {isa = PBXFileReference; includeInIndex = 1; lastKnownFileType = text.xcconfig; name = "Pods-FTDriver.release.xcconfig"; path = "Target Support Files/Pods-FTDriver/Pods-FTDriver.release.xcconfig"; sourceTree = "<group>"; };
		C8F3012FBCF836648636030B /* Pods_FTDriver.framework */ = {isa = PBXFileReference; explicitFileType = wrapper.framework; includeInIndex = 0; path = Pods_FTDriver.framework; sourceTree = BUILT_PRODUCTS_DIR; };
/* End PBXFileReference section */

/* Begin PBXFrameworksBuildPhase section */
		809BBD962C7B6BAA00D04738 /* Frameworks */ = {
			isa = PBXFrameworksBuildPhase;
			buildActionMask = 2147483647;
			files = (
				8B8237EE5090A9F45293A702 /* Pods_FTDriver.framework in Frameworks */,
			);
			runOnlyForDeploymentPostprocessing = 0;
		};
/* End PBXFrameworksBuildPhase section */

/* Begin PBXGroup section */
		2BC7028600D98EBAB0B2807F /* Frameworks */ = {
			isa = PBXGroup;
			children = (
				C8F3012FBCF836648636030B /* Pods_FTDriver.framework */,
			);
			name = Frameworks;
			sourceTree = "<group>";
		};
		809704CF2C7D6A360002DBD5 /* Modules */ = {
			isa = PBXGroup;
			children = (
				809704D32C7D6C5A0002DBD5 /* Home */,
				809704D62C7D6E880002DBD5 /* Register */,
				809704D42C7D6C730002DBD5 /* Login */,
				809704D52C7D6C7A0002DBD5 /* New Group */,
				809BBDA02C7B6BAA00D04738 /* ViewController.swift */,
			);
			path = Modules;
			sourceTree = "<group>";
		};
		809704D02C7D6A460002DBD5 /* Service */ = {
			isa = PBXGroup;
			children = (
			);
			path = Service;
			sourceTree = "<group>";
		};
		809704D12C7D6AA50002DBD5 /* App */ = {
			isa = PBXGroup;
			children = (
				809BBD9C2C7B6BAA00D04738 /* AppDelegate.swift */,
				809BBDA72C7B6BAC00D04738 /* LaunchScreen.storyboard */,
			);
			path = App;
			sourceTree = "<group>";
		};
		809704D22C7D6ACD0002DBD5 /* Resources */ = {
			isa = PBXGroup;
			children = (
				809BBDA52C7B6BAC00D04738 /* Assets.xcassets */,
			);
			path = Resources;
			sourceTree = "<group>";
		};
		809704D32C7D6C5A0002DBD5 /* Home */ = {
			isa = PBXGroup;
			children = (
			);
			path = Home;
			sourceTree = "<group>";
		};
		809704D42C7D6C730002DBD5 /* Login */ = {
			isa = PBXGroup;
			children = (
			);
			path = Login;
			sourceTree = "<group>";
		};
		809704D52C7D6C7A0002DBD5 /* New Group */ = {
			isa = PBXGroup;
			children = (
			);
			path = "New Group";
			sourceTree = "<group>";
		};
		809704D62C7D6E880002DBD5 /* Register */ = {
			isa = PBXGroup;
			children = (
			);
			path = Register;
			sourceTree = "<group>";
		};
		809BBD902C7B6BAA00D04738 = {
			isa = PBXGroup;
			children = (
				809BBD9B2C7B6BAA00D04738 /* FTDriver */,
				809BBD9A2C7B6BAA00D04738 /* Products */,
				F571E9586A99E8DD584EC93D /* Pods */,
				2BC7028600D98EBAB0B2807F /* Frameworks */,
			);
			sourceTree = "<group>";
		};
		809BBD9A2C7B6BAA00D04738 /* Products */ = {
			isa = PBXGroup;
			children = (
				809BBD992C7B6BAA00D04738 /* FTDriver.app */,
			);
			name = Products;
			sourceTree = "<group>";
		};
		809BBD9B2C7B6BAA00D04738 /* FTDriver */ = {
			isa = PBXGroup;
			children = (
				809704D12C7D6AA50002DBD5 /* App */,
				809704CF2C7D6A360002DBD5 /* Modules */,
				809704D02C7D6A460002DBD5 /* Service */,
				809704D22C7D6ACD0002DBD5 /* Resources */,
				809BBDAA2C7B6BAC00D04738 /* Info.plist */,
			);
			path = FTDriver;
			sourceTree = "<group>";
		};
		F571E9586A99E8DD584EC93D /* Pods */ = {
			isa = PBXGroup;
			children = (
				3FB3251019693946CEF705D9 /* Pods-FTDriver.debug.xcconfig */,
				8B8FC7E2A4DE80222CC17BDC /* Pods-FTDriver.release.xcconfig */,
			);
			path = Pods;
			sourceTree = "<group>";
		};
/* End PBXGroup section */

/* Begin PBXNativeTarget section */
		809BBD982C7B6BAA00D04738 /* FTDriver */ = {
			isa = PBXNativeTarget;
			buildConfigurationList = 809BBDAD2C7B6BAC00D04738 /* Build configuration list for PBXNativeTarget "FTDriver" */;
			buildPhases = (
				4A3A42868F530A51E6240010 /* [CP] Check Pods Manifest.lock */,
				809BBD952C7B6BAA00D04738 /* Sources */,
				809BBD962C7B6BAA00D04738 /* Frameworks */,
				809BBD972C7B6BAA00D04738 /* Resources */,
				0538C4C27DC682252966D121 /* [CP] Embed Pods Frameworks */,
			);
			buildRules = (
			);
			dependencies = (
			);
			name = FTDriver;
			productName = FTDriver;
			productReference = 809BBD992C7B6BAA00D04738 /* FTDriver.app */;
			productType = "com.apple.product-type.application";
		};
/* End PBXNativeTarget section */

/* Begin PBXProject section */
		809BBD912C7B6BAA00D04738 /* Project object */ = {
			isa = PBXProject;
			attributes = {
				BuildIndependentTargetsInParallel = 1;
				LastSwiftUpdateCheck = 1540;
				LastUpgradeCheck = 1540;
				TargetAttributes = {
					809BBD982C7B6BAA00D04738 = {
						CreatedOnToolsVersion = 15.4;
					};
				};
			};
			buildConfigurationList = 809BBD942C7B6BAA00D04738 /* Build configuration list for PBXProject "FTDriver" */;
			compatibilityVersion = "Xcode 14.0";
			developmentRegion = en;
			hasScannedForEncodings = 0;
			knownRegions = (
				en,
				Base,
			);
			mainGroup = 809BBD902C7B6BAA00D04738;
			packageReferences = (
				809BBDB02C7B897B00D04738 /* XCRemoteSwiftPackageReference "mapbox-maps-ios" */,
				809BBDB22C7BC37300D04738 /* XCRemoteSwiftPackageReference "mapbox-navigation-ios" */,
				809704CE2C7BDA570002DBD5 /* XCRemoteSwiftPackageReference "search-ios" */,
			);
			productRefGroup = 809BBD9A2C7B6BAA00D04738 /* Products */;
			projectDirPath = "";
			projectRoot = "";
			targets = (
				809BBD982C7B6BAA00D04738 /* FTDriver */,
			);
		};
/* End PBXProject section */

/* Begin PBXResourcesBuildPhase section */
		809BBD972C7B6BAA00D04738 /* Resources */ = {
			isa = PBXResourcesBuildPhase;
			buildActionMask = 2147483647;
			files = (
				809BBDA62C7B6BAC00D04738 /* Assets.xcassets in Resources */,
				809BBDA92C7B6BAC00D04738 /* Base in Resources */,
			);
			runOnlyForDeploymentPostprocessing = 0;
		};
/* End PBXResourcesBuildPhase section */

/* Begin PBXShellScriptBuildPhase section */
		0538C4C27DC682252966D121 /* [CP] Embed Pods Frameworks */ = {
			isa = PBXShellScriptBuildPhase;
			buildActionMask = 2147483647;
			files = (
			);
			inputFileListPaths = (
				"${PODS_ROOT}/Target Support Files/Pods-FTDriver/Pods-FTDriver-frameworks-${CONFIGURATION}-input-files.xcfilelist",
			);
			name = "[CP] Embed Pods Frameworks";
			outputFileListPaths = (
				"${PODS_ROOT}/Target Support Files/Pods-FTDriver/Pods-FTDriver-frameworks-${CONFIGURATION}-output-files.xcfilelist",
			);
			runOnlyForDeploymentPostprocessing = 0;
			shellPath = /bin/sh;
			shellScript = "\"${PODS_ROOT}/Target Support Files/Pods-FTDriver/Pods-FTDriver-frameworks.sh\"\n";
			showEnvVarsInLog = 0;
		};
		4A3A42868F530A51E6240010 /* [CP] Check Pods Manifest.lock */ = {
			isa = PBXShellScriptBuildPhase;
			buildActionMask = 2147483647;
			files = (
			);
			inputFileListPaths = (
			);
			inputPaths = (
				"${PODS_PODFILE_DIR_PATH}/Podfile.lock",
				"${PODS_ROOT}/Manifest.lock",
			);
			name = "[CP] Check Pods Manifest.lock";
			outputFileListPaths = (
			);
			outputPaths = (
				"$(DERIVED_FILE_DIR)/Pods-FTDriver-checkManifestLockResult.txt",
			);
			runOnlyForDeploymentPostprocessing = 0;
			shellPath = /bin/sh;
			shellScript = "diff \"${PODS_PODFILE_DIR_PATH}/Podfile.lock\" \"${PODS_ROOT}/Manifest.lock\" > /dev/null\nif [ $? != 0 ] ; then\n    # print error to STDERR\n    echo \"error: The sandbox is not in sync with the Podfile.lock. Run 'pod install' or update your CocoaPods installation.\" >&2\n    exit 1\nfi\n# This output is used by Xcode 'outputs' to avoid re-running this script phase.\necho \"SUCCESS\" > \"${SCRIPT_OUTPUT_FILE_0}\"\n";
			showEnvVarsInLog = 0;
		};
/* End PBXShellScriptBuildPhase section */

/* Begin PBXSourcesBuildPhase section */
		809BBD952C7B6BAA00D04738 /* Sources */ = {
			isa = PBXSourcesBuildPhase;
			buildActionMask = 2147483647;
			files = (
				809BBDA12C7B6BAA00D04738 /* ViewController.swift in Sources */,
				809BBD9D2C7B6BAA00D04738 /* AppDelegate.swift in Sources */,
			);
			runOnlyForDeploymentPostprocessing = 0;
		};
/* End PBXSourcesBuildPhase section */

/* Begin PBXVariantGroup section */
		809BBDA72C7B6BAC00D04738 /* LaunchScreen.storyboard */ = {
			isa = PBXVariantGroup;
			children = (
				809BBDA82C7B6BAC00D04738 /* Base */,
			);
			name = LaunchScreen.storyboard;
			sourceTree = "<group>";
		};
/* End PBXVariantGroup section */

/* Begin XCBuildConfiguration section */
		809BBDAB2C7B6BAC00D04738 /* Debug */ = {
			isa = XCBuildConfiguration;
			buildSettings = {
				ALWAYS_SEARCH_USER_PATHS = NO;
				ASSETCATALOG_COMPILER_GENERATE_SWIFT_ASSET_SYMBOL_EXTENSIONS = YES;
				CLANG_ANALYZER_NONNULL = YES;
				CLANG_ANALYZER_NUMBER_OBJECT_CONVERSION = YES_AGGRESSIVE;
				CLANG_CXX_LANGUAGE_STANDARD = "gnu++20";
				CLANG_ENABLE_MODULES = YES;
				CLANG_ENABLE_OBJC_ARC = YES;
				CLANG_ENABLE_OBJC_WEAK = YES;
				CLANG_WARN_BLOCK_CAPTURE_AUTORELEASING = YES;
				CLANG_WARN_BOOL_CONVERSION = YES;
				CLANG_WARN_COMMA = YES;
				CLANG_WARN_CONSTANT_CONVERSION = YES;
				CLANG_WARN_DEPRECATED_OBJC_IMPLEMENTATIONS = YES;
				CLANG_WARN_DIRECT_OBJC_ISA_USAGE = YES_ERROR;
				CLANG_WARN_DOCUMENTATION_COMMENTS = YES;
				CLANG_WARN_EMPTY_BODY = YES;
				CLANG_WARN_ENUM_CONVERSION = YES;
				CLANG_WARN_INFINITE_RECURSION = YES;
				CLANG_WARN_INT_CONVERSION = YES;
				CLANG_WARN_NON_LITERAL_NULL_CONVERSION = YES;
				CLANG_WARN_OBJC_IMPLICIT_RETAIN_SELF = YES;
				CLANG_WARN_OBJC_LITERAL_CONVERSION = YES;
				CLANG_WARN_OBJC_ROOT_CLASS = YES_ERROR;
				CLANG_WARN_QUOTED_INCLUDE_IN_FRAMEWORK_HEADER = YES;
				CLANG_WARN_RANGE_LOOP_ANALYSIS = YES;
				CLANG_WARN_STRICT_PROTOTYPES = YES;
				CLANG_WARN_SUSPICIOUS_MOVE = YES;
				CLANG_WARN_UNGUARDED_AVAILABILITY = YES_AGGRESSIVE;
				CLANG_WARN_UNREACHABLE_CODE = YES;
				CLANG_WARN__DUPLICATE_METHOD_MATCH = YES;
				COPY_PHASE_STRIP = NO;
				DEBUG_INFORMATION_FORMAT = dwarf;
				ENABLE_STRICT_OBJC_MSGSEND = YES;
				ENABLE_TESTABILITY = YES;
				ENABLE_USER_SCRIPT_SANDBOXING = NO;
				GCC_C_LANGUAGE_STANDARD = gnu17;
				GCC_DYNAMIC_NO_PIC = NO;
				GCC_NO_COMMON_BLOCKS = YES;
				GCC_OPTIMIZATION_LEVEL = 0;
				GCC_PREPROCESSOR_DEFINITIONS = (
					"DEBUG=1",
					"$(inherited)",
				);
				GCC_WARN_64_TO_32_BIT_CONVERSION = YES;
				GCC_WARN_ABOUT_RETURN_TYPE = YES_ERROR;
				GCC_WARN_UNDECLARED_SELECTOR = YES;
				GCC_WARN_UNINITIALIZED_AUTOS = YES_AGGRESSIVE;
				GCC_WARN_UNUSED_FUNCTION = YES;
				GCC_WARN_UNUSED_VARIABLE = YES;
				IPHONEOS_DEPLOYMENT_TARGET = 13.0;
				LOCALIZATION_PREFERS_STRING_CATALOGS = YES;
				MTL_ENABLE_DEBUG_INFO = INCLUDE_SOURCE;
				MTL_FAST_MATH = YES;
				ONLY_ACTIVE_ARCH = YES;
				SDKROOT = iphoneos;
				SWIFT_ACTIVE_COMPILATION_CONDITIONS = "DEBUG $(inherited)";
				SWIFT_OPTIMIZATION_LEVEL = "-Onone";
			};
			name = Debug;
		};
		809BBDAC2C7B6BAC00D04738 /* Release */ = {
			isa = XCBuildConfiguration;
			buildSettings = {
				ALWAYS_SEARCH_USER_PATHS = NO;
				ASSETCATALOG_COMPILER_GENERATE_SWIFT_ASSET_SYMBOL_EXTENSIONS = YES;
				CLANG_ANALYZER_NONNULL = YES;
				CLANG_ANALYZER_NUMBER_OBJECT_CONVERSION = YES_AGGRESSIVE;
				CLANG_CXX_LANGUAGE_STANDARD = "gnu++20";
				CLANG_ENABLE_MODULES = YES;
				CLANG_ENABLE_OBJC_ARC = YES;
				CLANG_ENABLE_OBJC_WEAK = YES;
				CLANG_WARN_BLOCK_CAPTURE_AUTORELEASING = YES;
				CLANG_WARN_BOOL_CONVERSION = YES;
				CLANG_WARN_COMMA = YES;
				CLANG_WARN_CONSTANT_CONVERSION = YES;
				CLANG_WARN_DEPRECATED_OBJC_IMPLEMENTATIONS = YES;
				CLANG_WARN_DIRECT_OBJC_ISA_USAGE = YES_ERROR;
				CLANG_WARN_DOCUMENTATION_COMMENTS = YES;
				CLANG_WARN_EMPTY_BODY = YES;
				CLANG_WARN_ENUM_CONVERSION = YES;
				CLANG_WARN_INFINITE_RECURSION = YES;
				CLANG_WARN_INT_CONVERSION = YES;
				CLANG_WARN_NON_LITERAL_NULL_CONVERSION = YES;
				CLANG_WARN_OBJC_IMPLICIT_RETAIN_SELF = YES;
				CLANG_WARN_OBJC_LITERAL_CONVERSION = YES;
				CLANG_WARN_OBJC_ROOT_CLASS = YES_ERROR;
				CLANG_WARN_QUOTED_INCLUDE_IN_FRAMEWORK_HEADER = YES;
				CLANG_WARN_RANGE_LOOP_ANALYSIS = YES;
				CLANG_WARN_STRICT_PROTOTYPES = YES;
				CLANG_WARN_SUSPICIOUS_MOVE = YES;
				CLANG_WARN_UNGUARDED_AVAILABILITY = YES_AGGRESSIVE;
				CLANG_WARN_UNREACHABLE_CODE = YES;
				CLANG_WARN__DUPLICATE_METHOD_MATCH = YES;
				COPY_PHASE_STRIP = NO;
				DEBUG_INFORMATION_FORMAT = "dwarf-with-dsym";
				ENABLE_NS_ASSERTIONS = NO;
				ENABLE_STRICT_OBJC_MSGSEND = YES;
				ENABLE_USER_SCRIPT_SANDBOXING = NO;
				GCC_C_LANGUAGE_STANDARD = gnu17;
				GCC_NO_COMMON_BLOCKS = YES;
				GCC_WARN_64_TO_32_BIT_CONVERSION = YES;
				GCC_WARN_ABOUT_RETURN_TYPE = YES_ERROR;
				GCC_WARN_UNDECLARED_SELECTOR = YES;
				GCC_WARN_UNINITIALIZED_AUTOS = YES_AGGRESSIVE;
				GCC_WARN_UNUSED_FUNCTION = YES;
				GCC_WARN_UNUSED_VARIABLE = YES;
				IPHONEOS_DEPLOYMENT_TARGET = 13.0;
				LOCALIZATION_PREFERS_STRING_CATALOGS = YES;
				MTL_ENABLE_DEBUG_INFO = NO;
				MTL_FAST_MATH = YES;
				SDKROOT = iphoneos;
				SWIFT_COMPILATION_MODE = wholemodule;
				VALIDATE_PRODUCT = YES;
			};
			name = Release;
		};
		809BBDAE2C7B6BAC00D04738 /* Debug */ = {
			isa = XCBuildConfiguration;
			baseConfigurationReference = 3FB3251019693946CEF705D9 /* Pods-FTDriver.debug.xcconfig */;
			buildSettings = {
				ASSETCATALOG_COMPILER_APPICON_NAME = AppIcon;
				ASSETCATALOG_COMPILER_GLOBAL_ACCENT_COLOR_NAME = AccentColor;
				CODE_SIGN_STYLE = Automatic;
				CURRENT_PROJECT_VERSION = 1;
				DEVELOPMENT_TEAM = 8CDMBRFUGF;
				GENERATE_INFOPLIST_FILE = YES;
				INFOPLIST_FILE = FTDriver/Info.plist;
				INFOPLIST_KEY_NSLocationWhenInUseUsageDescription = "Ứng dụng cần quyền truy cập vào vị trí của bạn để hiển thị vị trí hiện tại trên bản đồ.";
				INFOPLIST_KEY_UIApplicationSupportsIndirectInputEvents = YES;
				INFOPLIST_KEY_UILaunchStoryboardName = LaunchScreen;
				INFOPLIST_KEY_UISupportedInterfaceOrientations_iPad = "UIInterfaceOrientationPortrait UIInterfaceOrientationPortraitUpsideDown UIInterfaceOrientationLandscapeLeft UIInterfaceOrientationLandscapeRight";
				INFOPLIST_KEY_UISupportedInterfaceOrientations_iPhone = "UIInterfaceOrientationPortrait UIInterfaceOrientationLandscapeLeft UIInterfaceOrientationLandscapeRight";
				IPHONEOS_DEPLOYMENT_TARGET = 13.0;
				LD_RUNPATH_SEARCH_PATHS = (
					"$(inherited)",
					"@executable_path/Frameworks",
				);
				MARKETING_VERSION = 1.0;
				PRODUCT_BUNDLE_IDENTIFIER = DT.FTDriver;
				PRODUCT_NAME = "$(TARGET_NAME)";
				SUPPORTED_PLATFORMS = "iphoneos iphonesimulator";
				SUPPORTS_MACCATALYST = NO;
				SUPPORTS_MAC_DESIGNED_FOR_IPHONE_IPAD = NO;
				SUPPORTS_XR_DESIGNED_FOR_IPHONE_IPAD = NO;
				SWIFT_EMIT_LOC_STRINGS = YES;
				SWIFT_VERSION = 5.0;
				TARGETED_DEVICE_FAMILY = 1;
			};
			name = Debug;
		};
		809BBDAF2C7B6BAC00D04738 /* Release */ = {
			isa = XCBuildConfiguration;
			baseConfigurationReference = 8B8FC7E2A4DE80222CC17BDC /* Pods-FTDriver.release.xcconfig */;
			buildSettings = {
				ASSETCATALOG_COMPILER_APPICON_NAME = AppIcon;
				ASSETCATALOG_COMPILER_GLOBAL_ACCENT_COLOR_NAME = AccentColor;
				CODE_SIGN_STYLE = Automatic;
				CURRENT_PROJECT_VERSION = 1;
				DEVELOPMENT_TEAM = 8CDMBRFUGF;
				GENERATE_INFOPLIST_FILE = YES;
				INFOPLIST_FILE = FTDriver/Info.plist;
				INFOPLIST_KEY_NSLocationWhenInUseUsageDescription = "Ứng dụng cần quyền truy cập vào vị trí của bạn để hiển thị vị trí hiện tại trên bản đồ.";
				INFOPLIST_KEY_UIApplicationSupportsIndirectInputEvents = YES;
				INFOPLIST_KEY_UILaunchStoryboardName = LaunchScreen;
				INFOPLIST_KEY_UISupportedInterfaceOrientations_iPad = "UIInterfaceOrientationPortrait UIInterfaceOrientationPortraitUpsideDown UIInterfaceOrientationLandscapeLeft UIInterfaceOrientationLandscapeRight";
				INFOPLIST_KEY_UISupportedInterfaceOrientations_iPhone = "UIInterfaceOrientationPortrait UIInterfaceOrientationLandscapeLeft UIInterfaceOrientationLandscapeRight";
				IPHONEOS_DEPLOYMENT_TARGET = 13.0;
				LD_RUNPATH_SEARCH_PATHS = (
					"$(inherited)",
					"@executable_path/Frameworks",
				);
				MARKETING_VERSION = 1.0;
				PRODUCT_BUNDLE_IDENTIFIER = DT.FTDriver;
				PRODUCT_NAME = "$(TARGET_NAME)";
				SUPPORTED_PLATFORMS = "iphoneos iphonesimulator";
				SUPPORTS_MACCATALYST = NO;
				SUPPORTS_MAC_DESIGNED_FOR_IPHONE_IPAD = NO;
				SUPPORTS_XR_DESIGNED_FOR_IPHONE_IPAD = NO;
				SWIFT_EMIT_LOC_STRINGS = YES;
				SWIFT_VERSION = 5.0;
				TARGETED_DEVICE_FAMILY = 1;
			};
			name = Release;
		};
/* End XCBuildConfiguration section */

/* Begin XCConfigurationList section */
		809BBD942C7B6BAA00D04738 /* Build configuration list for PBXProject "FTDriver" */ = {
			isa = XCConfigurationList;
			buildConfigurations = (
				809BBDAB2C7B6BAC00D04738 /* Debug */,
				809BBDAC2C7B6BAC00D04738 /* Release */,
			);
			defaultConfigurationIsVisible = 0;
			defaultConfigurationName = Release;
		};
		809BBDAD2C7B6BAC00D04738 /* Build configuration list for PBXNativeTarget "FTDriver" */ = {
			isa = XCConfigurationList;
			buildConfigurations = (
				809BBDAE2C7B6BAC00D04738 /* Debug */,
				809BBDAF2C7B6BAC00D04738 /* Release */,
			);
			defaultConfigurationIsVisible = 0;
			defaultConfigurationName = Release;
		};
/* End XCConfigurationList section */

/* Begin XCRemoteSwiftPackageReference section */
		809704CE2C7BDA570002DBD5 /* XCRemoteSwiftPackageReference "search-ios" */ = {
			isa = XCRemoteSwiftPackageReference;
			repositoryURL = "https://github.com/mapbox/search-ios.git";
			requirement = {
				branch = main;
				kind = branch;
			};
		};
		809BBDB02C7B897B00D04738 /* XCRemoteSwiftPackageReference "mapbox-maps-ios" */ = {
			isa = XCRemoteSwiftPackageReference;
			repositoryURL = "https://github.com/mapbox/mapbox-maps-ios.git";
			requirement = {
				kind = upToNextMajorVersion;
				minimumVersion = 11.6.0;
			};
		};
		809BBDB22C7BC37300D04738 /* XCRemoteSwiftPackageReference "mapbox-navigation-ios" */ = {
			isa = XCRemoteSwiftPackageReference;
			repositoryURL = "https://github.com/mapbox/mapbox-navigation-ios.git";
			requirement = {
				kind = upToNextMajorVersion;
				minimumVersion = 3.3.0;
			};
		};
/* End XCRemoteSwiftPackageReference section */
	};
	rootObject = 809BBD912C7B6BAA00D04738 /* Project object */;
}
